
Microsoft Visual Studio Solution File, Format Version 12.00
# Visual Studio Version 16
VisualStudioVersion = 16.0.30114.105
MinimumVisualStudioVersion = 10.0.40219.1
Project("{9A19103F-16F7-4668-BE54-9A1E7A4F7556}") = "DailyRes", "DailyRes.csproj", "{80047F03-BFE9-41D8-BB33-C838B01BF94F}"
EndProject
Global
	GlobalSection(SolutionConfigurationPlatforms) = preSolution
		Debug|Any CPU = Debug|Any CPU
		Release|Any CPU = Release|Any CPU
	EndGlobalSection
	GlobalSection(ProjectConfigurationPlatforms) = postSolution
		{80047F03-BFE9-41D8-BB33-C838B01BF94F}.Debug|Any CPU.ActiveCfg = Debug|Any CPU
		{80047F03-BFE9-41D8-BB33-C838B01BF94F}.Debug|Any CPU.Build.0 = Debug|Any CPU
		{80047F03-BFE9-41D8-BB33-C838B01BF94F}.Release|Any CPU.ActiveCfg = Release|Any CPU
		{80047F03-BFE9-41D8-BB33-C838B01BF94F}.Release|Any CPU.Build.0 = Release|Any CPU
	EndGlobalSection
	GlobalSection(SolutionProperties) = preSolution
		HideSolutionNode = FALSE
	EndGlobalSection
	GlobalSection(ExtensibilityGlobals) = postSolution
		SolutionGuid = {4470D054-9178-4F2F-87F2-1BE684300FCF}
	EndGlobalSection
EndGlobal
